
Microsoft Visual Studio Solution File, Format Version 12.00
# Visual Studio Version 16
VisualStudioVersion = 16.0.810.8
MinimumVisualStudioVersion = 10.0.40219.1
Project("{FAE04EC0-301F-11D3-BF4B-00C04F79EFBC}") = "Fysio", "Fysio\Fysio.csproj", "{51C4045D-420A-48F7-831B-44C4DAB319A4}"
EndProject
Project("{FAE04EC0-301F-11D3-BF4B-00C04F79EFBC}") = "Core.Domain", "Core.Domain\Core.Domain.csproj", "{6FD72F61-361F-469A-9E8F-E9584796C11D}"
EndProject
Project("{FAE04EC0-301F-11D3-BF4B-00C04F79EFBC}") = "Infrastructure", "Infrastructure\Infrastructure.csproj", "{2176CC54-1BBE-437D-B141-0D6DCC821F87}"
EndProject
Project("{FAE04EC0-301F-11D3-BF4B-00C04F79EFBC}") = "Core.DomainServices", "Core.DomainServices\Core.DomainServices.csproj", "{BD385DC7-F1CE-41A7-B7D9-81F0B4C093B8}"
EndProject
Project("{FAE04EC0-301F-11D3-BF4B-00C04F79EFBC}") = "FysioAPI", "FysioAPI\FysioAPI.csproj", "{F93C5095-1369-4D38-80B7-0013D6A9D7EE}"
EndProject
Project("{FAE04EC0-301F-11D3-BF4B-00C04F79EFBC}") = "Infrastructure.WebService", "Infrastructure.WebService\Infrastructure.WebService.csproj", "{3158AC8C-D329-49EC-AC78-0004CD0FC868}"
EndProject
Global
	GlobalSection(SolutionConfigurationPlatforms) = preSolution
		Debug|Any CPU = Debug|Any CPU
		Release|Any CPU = Release|Any CPU
	EndGlobalSection
	GlobalSection(ProjectConfigurationPlatforms) = postSolution
		{51C4045D-420A-48F7-831B-44C4DAB319A4}.Debug|Any CPU.ActiveCfg = Debug|Any CPU
		{51C4045D-420A-48F7-831B-44C4DAB319A4}.Debug|Any CPU.Build.0 = Debug|Any CPU
		{51C4045D-420A-48F7-831B-44C4DAB319A4}.Release|Any CPU.ActiveCfg = Release|Any CPU
		{51C4045D-420A-48F7-831B-44C4DAB319A4}.Release|Any CPU.Build.0 = Release|Any CPU
		{6FD72F61-361F-469A-9E8F-E9584796C11D}.Debug|Any CPU.ActiveCfg = Debug|Any CPU
		{6FD72F61-361F-469A-9E8F-E9584796C11D}.Debug|Any CPU.Build.0 = Debug|Any CPU
		{6FD72F61-361F-469A-9E8F-E9584796C11D}.Release|Any CPU.ActiveCfg = Release|Any CPU
		{6FD72F61-361F-469A-9E8F-E9584796C11D}.Release|Any CPU.Build.0 = Release|Any CPU
		{2176CC54-1BBE-437D-B141-0D6DCC821F87}.Debug|Any CPU.ActiveCfg = Debug|Any CPU
		{2176CC54-1BBE-437D-B141-0D6DCC821F87}.Debug|Any CPU.Build.0 = Debug|Any CPU
		{2176CC54-1BBE-437D-B141-0D6DCC821F87}.Release|Any CPU.ActiveCfg = Release|Any CPU
		{2176CC54-1BBE-437D-B141-0D6DCC821F87}.Release|Any CPU.Build.0 = Release|Any CPU
		{BD385DC7-F1CE-41A7-B7D9-81F0B4C093B8}.Debug|Any CPU.ActiveCfg = Debug|Any CPU
		{BD385DC7-F1CE-41A7-B7D9-81F0B4C093B8}.Debug|Any CPU.Build.0 = Debug|Any CPU
		{BD385DC7-F1CE-41A7-B7D9-81F0B4C093B8}.Release|Any CPU.ActiveCfg = Release|Any CPU
		{BD385DC7-F1CE-41A7-B7D9-81F0B4C093B8}.Release|Any CPU.Build.0 = Release|Any CPU
		{F93C5095-1369-4D38-80B7-0013D6A9D7EE}.Debug|Any CPU.ActiveCfg = Debug|Any CPU
		{F93C5095-1369-4D38-80B7-0013D6A9D7EE}.Debug|Any CPU.Build.0 = Debug|Any CPU
		{F93C5095-1369-4D38-80B7-0013D6A9D7EE}.Release|Any CPU.ActiveCfg = Release|Any CPU
		{F93C5095-1369-4D38-80B7-0013D6A9D7EE}.Release|Any CPU.Build.0 = Release|Any CPU
		{3158AC8C-D329-49EC-AC78-0004CD0FC868}.Debug|Any CPU.ActiveCfg = Debug|Any CPU
		{3158AC8C-D329-49EC-AC78-0004CD0FC868}.Debug|Any CPU.Build.0 = Debug|Any CPU
		{3158AC8C-D329-49EC-AC78-0004CD0FC868}.Release|Any CPU.ActiveCfg = Release|Any CPU
		{3158AC8C-D329-49EC-AC78-0004CD0FC868}.Release|Any CPU.Build.0 = Release|Any CPU
	EndGlobalSection
	GlobalSection(SolutionProperties) = preSolution
		HideSolutionNode = FALSE
	EndGlobalSection
	GlobalSection(ExtensibilityGlobals) = postSolution
		SolutionGuid = {F9AE9294-1899-4E4D-B193-1DC088EA39D1}
	EndGlobalSection
EndGlobal
